// !$*UTF8*$!
{
	archiveVersion = 1;
	classes = {
	};
	objectVersion = 50;
	objects = {

/* Begin PBXBuildFile section */
		EE36C16E22DA676F00536308 /* AddItemView.swift in Sources */ = {isa = PBXBuildFile; fileRef = EE36C16D22DA676F00536308 /* AddItemView.swift */; };
		EE8A12FD22DA5BF70019D4F6 /* AppDelegate.swift in Sources */ = {isa = PBXBuildFile; fileRef = EE8A12FC22DA5BF70019D4F6 /* AppDelegate.swift */; };
		EE8A12FF22DA5BF70019D4F6 /* SceneDelegate.swift in Sources */ = {isa = PBXBuildFile; fileRef = EE8A12FE22DA5BF70019D4F6 /* SceneDelegate.swift */; };
		EE8A130122DA5BF70019D4F6 /* ContentView.swift in Sources */ = {isa = PBXBuildFile; fileRef = EE8A130022DA5BF70019D4F6 /* ContentView.swift */; };
		EE8A130322DA5BF90019D4F6 /* Assets.xcassets in Resources */ = {isa = PBXBuildFile; fileRef = EE8A130222DA5BF90019D4F6 /* Assets.xcassets */; };
		EE8A130622DA5BF90019D4F6 /* Preview Assets.xcassets in Resources */ = {isa = PBXBuildFile; fileRef = EE8A130522DA5BF90019D4F6 /* Preview Assets.xcassets */; };
		EE8A130922DA5BF90019D4F6 /* LaunchScreen.storyboard in Resources */ = {isa = PBXBuildFile; fileRef = EE8A130722DA5BF90019D4F6 /* LaunchScreen.storyboard */; };
		EE8A131122DA5C100019D4F6 /* RowView.swift in Sources */ = {isa = PBXBuildFile; fileRef = EE8A131022DA5C100019D4F6 /* RowView.swift */; };
/* End PBXBuildFile section */

/* Begin PBXFileReference section */
		EE36C16D22DA676F00536308 /* AddItemView.swift */ = {isa = PBXFileReference; lastKnownFileType = sourcecode.swift; path = AddItemView.swift; sourceTree = "<group>"; };
		EE8A12F922DA5BF70019D4F6 /* SwiftyToDo.app */ = {isa = PBXFileReference; explicitFileType = wrapper.application; includeInIndex = 0; path = SwiftyToDo.app; sourceTree = BUILT_PRODUCTS_DIR; };
		EE8A12FC22DA5BF70019D4F6 /* AppDelegate.swift */ = {isa = PBXFileReference; lastKnownFileType = sourcecode.swift; path = AppDelegate.swift; sourceTree = "<group>"; };
		EE8A12FE22DA5BF70019D4F6 /* SceneDelegate.swift */ = {isa = PBXFileReference; lastKnownFileType = sourcecode.swift; path = SceneDelegate.swift; sourceTree = "<group>"; };
		EE8A130022DA5BF70019D4F6 /* ContentView.swift */ = {isa = PBXFileReference; lastKnownFileType = sourcecode.swift; path = ContentView.swift; sourceTree = "<group>"; };
		EE8A130222DA5BF90019D4F6 /* Assets.xcassets */ = {isa = PBXFileReference; lastKnownFileType = folder.assetcatalog; path = Assets.xcassets; sourceTree = "<group>"; };
		EE8A130522DA5BF90019D4F6 /* Preview Assets.xcassets */ = {isa = PBXFileReference; lastKnownFileType = folder.assetcatalog; path = "Preview Assets.xcassets"; sourceTree = "<group>"; };
		EE8A130822DA5BF90019D4F6 /* Base */ = {isa = PBXFileReference; lastKnownFileType = file.storyboard; name = Base; path = Base.lproj/LaunchScreen.storyboard; sourceTree = "<group>"; };
		EE8A130A22DA5BF90019D4F6 /* Info.plist */ = {isa = PBXFileReference; lastKnownFileType = text.plist.xml; path = Info.plist; sourceTree = "<group>"; };
		EE8A131022DA5C100019D4F6 /* RowView.swift */ = {isa = PBXFileReference; fileEncoding = 4; lastKnownFileType = sourcecode.swift; path = RowView.swift; sourceTree = "<group>"; };
/* End PBXFileReference section */

/* Begin PBXFrameworksBuildPhase section */
		EE8A12F622DA5BF70019D4F6 /* Frameworks */ = {
			isa = PBXFrameworksBuildPhase;
			buildActionMask = 2147483647;
			files = (
			);
			runOnlyForDeploymentPostprocessing = 0;
		};
/* End PBXFrameworksBuildPhase section */

/* Begin PBXGroup section */
		EE8A12F022DA5BF70019D4F6 = {
			isa = PBXGroup;
			children = (
				EE8A12FB22DA5BF70019D4F6 /* SwiftyToDo */,
				EE8A12FA22DA5BF70019D4F6 /* Products */,
			);
			sourceTree = "<group>";
		};
		EE8A12FA22DA5BF70019D4F6 /* Products */ = {
			isa = PBXGroup;
			children = (
				EE8A12F922DA5BF70019D4F6 /* SwiftyToDo.app */,
			);
			name = Products;
			sourceTree = "<group>";
		};
		EE8A12FB22DA5BF70019D4F6 /* SwiftyToDo */ = {
			isa = PBXGroup;
			children = (
				EE8A12FC22DA5BF70019D4F6 /* AppDelegate.swift */,
				EE8A12FE22DA5BF70019D4F6 /* SceneDelegate.swift */,
				EE8A131022DA5C100019D4F6 /* RowView.swift */,
				EE36C16D22DA676F00536308 /* AddItemView.swift */,
				EE8A130022DA5BF70019D4F6 /* ContentView.swift */,
				EE8A130222DA5BF90019D4F6 /* Assets.xcassets */,
				EE8A130722DA5BF90019D4F6 /* LaunchScreen.storyboard */,
				EE8A130A22DA5BF90019D4F6 /* Info.plist */,
				EE8A130422DA5BF90019D4F6 /* Preview Content */,
			);
			path = SwiftyToDo;
			sourceTree = "<group>";
		};
		EE8A130422DA5BF90019D4F6 /* Preview Content */ = {
			isa = PBXGroup;
			children = (
				EE8A130522DA5BF90019D4F6 /* Preview Assets.xcassets */,
			);
			path = "Preview Content";
			sourceTree = "<group>";
		};
/* End PBXGroup section */

/* Begin PBXNativeTarget section */
		EE8A12F822DA5BF70019D4F6 /* SwiftyToDo */ = {
			isa = PBXNativeTarget;
			buildConfigurationList = EE8A130D22DA5BF90019D4F6 /* Build configuration list for PBXNativeTarget "SwiftyToDo" */;
			buildPhases = (
				EE8A12F522DA5BF70019D4F6 /* Sources */,
				EE8A12F622DA5BF70019D4F6 /* Frameworks */,
				EE8A12F722DA5BF70019D4F6 /* Resources */,
			);
			buildRules = (
			);
			dependencies = (
			);
			name = SwiftyToDo;
			productName = SwiftyToDo;
			productReference = EE8A12F922DA5BF70019D4F6 /* SwiftyToDo.app */;
			productType = "com.apple.product-type.application";
		};
/* End PBXNativeTarget section */

/* Begin PBXProject section */
		EE8A12F122DA5BF70019D4F6 /* Project object */ = {
			isa = PBXProject;
			attributes = {
				LastSwiftUpdateCheck = 1100;
				LastUpgradeCheck = 1100;
				ORGANIZATIONNAME = Pykes;
				TargetAttributes = {
					EE8A12F822DA5BF70019D4F6 = {
						CreatedOnToolsVersion = 11.0;
					};
				};
			};
			buildConfigurationList = EE8A12F422DA5BF70019D4F6 /* Build configuration list for PBXProject "SwiftyToDo" */;
			compatibilityVersion = "Xcode 9.3";
			developmentRegion = en;
			hasScannedForEncodings = 0;
			knownRegions = (
				en,
				Base,
			);
			mainGroup = EE8A12F022DA5BF70019D4F6;
			productRefGroup = EE8A12FA22DA5BF70019D4F6 /* Products */;
			projectDirPath = "";
			projectRoot = "";
			targets = (
				EE8A12F822DA5BF70019D4F6 /* SwiftyToDo */,
			);
		};
/* End PBXProject section */

/* Begin PBXResourcesBuildPhase section */
		EE8A12F722DA5BF70019D4F6 /* Resources */ = {
			isa = PBXResourcesBuildPhase;
			buildActionMask = 2147483647;
			files = (
				EE8A130922DA5BF90019D4F6 /* LaunchScreen.storyboard in Resources */,
				EE8A130622DA5BF90019D4F6 /* Preview Assets.xcassets in Resources */,
				EE8A130322DA5BF90019D4F6 /* Assets.xcassets in Resources */,
			);
			runOnlyForDeploymentPostprocessing = 0;
		};
/* End PBXResourcesBuildPhase section */

/* Begin PBXSourcesBuildPhase section */
		EE8A12F522DA5BF70019D4F6 /* Sources */ = {
			isa = PBXSourcesBuildPhase;
			buildActionMask = 2147483647;
			files = (
				EE8A12FD22DA5BF70019D4F6 /* AppDelegate.swift in Sources */,
				EE8A12FF22DA5BF70019D4F6 /* SceneDelegate.swift in Sources */,
				EE8A130122DA5BF70019D4F6 /* ContentView.swift in Sources */,
				EE8A131122DA5C100019D4F6 /* RowView.swift in Sources */,
				EE36C16E22DA676F00536308 /* AddItemView.swift in Sources */,
			);
			runOnlyForDeploymentPostprocessing = 0;
		};
/* End PBXSourcesBuildPhase section */

/* Begin PBXVariantGroup section */
		EE8A130722DA5BF90019D4F6 /* LaunchScreen.storyboard */ = {
			isa = PBXVariantGroup;
			children = (
				EE8A130822DA5BF90019D4F6 /* Base */,
			);
			name = LaunchScreen.storyboard;
			sourceTree = "<group>";
		};
/* End PBXVariantGroup section */

/* Begin XCBuildConfiguration section */
		EE8A130B22DA5BF90019D4F6 /* Debug */ = {
			isa = XCBuildConfiguration;
			buildSettings = {
				ALWAYS_SEARCH_USER_PATHS = NO;
				CLANG_ANALYZER_NONNULL = YES;
				CLANG_ANALYZER_NUMBER_OBJECT_CONVERSION = YES_AGGRESSIVE;
				CLANG_CXX_LANGUAGE_STANDARD = "gnu++14";
				CLANG_CXX_LIBRARY = "libc++";
				CLANG_ENABLE_MODULES = YES;
				CLANG_ENABLE_OBJC_ARC = YES;
				CLANG_ENABLE_OBJC_WEAK = YES;
				CLANG_WARN_BLOCK_CAPTURE_AUTORELEASING = YES;
				CLANG_WARN_BOOL_CONVERSION = YES;
				CLANG_WARN_COMMA = YES;
				CLANG_WARN_CONSTANT_CONVERSION = YES;
				CLANG_WARN_DEPRECATED_OBJC_IMPLEMENTATIONS = YES;
				CLANG_WARN_DIRECT_OBJC_ISA_USAGE = YES_ERROR;
				CLANG_WARN_DOCUMENTATION_COMMENTS = YES;
				CLANG_WARN_EMPTY_BODY = YES;
				CLANG_WARN_ENUM_CONVERSION = YES;
				CLANG_WARN_INFINITE_RECURSION = YES;
				CLANG_WARN_INT_CONVERSION = YES;
				CLANG_WARN_NON_LITERAL_NULL_CONVERSION = YES;
				CLANG_WARN_OBJC_IMPLICIT_RETAIN_SELF = YES;
				CLANG_WARN_OBJC_LITERAL_CONVERSION = YES;
				CLANG_WARN_OBJC_ROOT_CLASS = YES_ERROR;
				CLANG_WARN_RANGE_LOOP_ANALYSIS = YES;
				CLANG_WARN_STRICT_PROTOTYPES = YES;
				CLANG_WARN_SUSPICIOUS_MOVE = YES;
				CLANG_WARN_UNGUARDED_AVAILABILITY = YES_AGGRESSIVE;
				CLANG_WARN_UNREACHABLE_CODE = YES;
				CLANG_WARN__DUPLICATE_METHOD_MATCH = YES;
				COPY_PHASE_STRIP = NO;
				DEBUG_INFORMATION_FORMAT = dwarf;
				ENABLE_STRICT_OBJC_MSGSEND = YES;
				ENABLE_TESTABILITY = YES;
				GCC_C_LANGUAGE_STANDARD = gnu11;
				GCC_DYNAMIC_NO_PIC = NO;
				GCC_NO_COMMON_BLOCKS = YES;
				GCC_OPTIMIZATION_LEVEL = 0;
				GCC_PREPROCESSOR_DEFINITIONS = (
					"DEBUG=1",
					"$(inherited)",
				);
				GCC_WARN_64_TO_32_BIT_CONVERSION = YES;
				GCC_WARN_ABOUT_RETURN_TYPE = YES_ERROR;
				GCC_WARN_UNDECLARED_SELECTOR = YES;
				GCC_WARN_UNINITIALIZED_AUTOS = YES_AGGRESSIVE;
				GCC_WARN_UNUSED_FUNCTION = YES;
				GCC_WARN_UNUSED_VARIABLE = YES;
				IPHONEOS_DEPLOYMENT_TARGET = 13.0;
				MTL_ENABLE_DEBUG_INFO = INCLUDE_SOURCE;
				MTL_FAST_MATH = YES;
				ONLY_ACTIVE_ARCH = YES;
				SDKROOT = iphoneos;
				SWIFT_ACTIVE_COMPILATION_CONDITIONS = DEBUG;
				SWIFT_OPTIMIZATION_LEVEL = "-Onone";
			};
			name = Debug;
		};
		EE8A130C22DA5BF90019D4F6 /* Release */ = {
			isa = XCBuildConfiguration;
			buildSettings = {
				ALWAYS_SEARCH_USER_PATHS = NO;
				CLANG_ANALYZER_NONNULL = YES;
				CLANG_ANALYZER_NUMBER_OBJECT_CONVERSION = YES_AGGRESSIVE;
				CLANG_CXX_LANGUAGE_STANDARD = "gnu++14";
				CLANG_CXX_LIBRARY = "libc++";
				CLANG_ENABLE_MODULES = YES;
				CLANG_ENABLE_OBJC_ARC = YES;
				CLANG_ENABLE_OBJC_WEAK = YES;
				CLANG_WARN_BLOCK_CAPTURE_AUTORELEASING = YES;
				CLANG_WARN_BOOL_CONVERSION = YES;
				CLANG_WARN_COMMA = YES;
				CLANG_WARN_CONSTANT_CONVERSION = YES;
				CLANG_WARN_DEPRECATED_OBJC_IMPLEMENTATIONS = YES;
				CLANG_WARN_DIRECT_OBJC_ISA_USAGE = YES_ERROR;
				CLANG_WARN_DOCUMENTATION_COMMENTS = YES;
				CLANG_WARN_EMPTY_BODY = YES;
				CLANG_WARN_ENUM_CONVERSION = YES;
				CLANG_WARN_INFINITE_RECURSION = YES;
				CLANG_WARN_INT_CONVERSION = YES;
				CLANG_WARN_NON_LITERAL_NULL_CONVERSION = YES;
				CLANG_WARN_OBJC_IMPLICIT_RETAIN_SELF = YES;
				CLANG_WARN_OBJC_LITERAL_CONVERSION = YES;
				CLANG_WARN_OBJC_ROOT_CLASS = YES_ERROR;
				CLANG_WARN_RANGE_LOOP_ANALYSIS = YES;
				CLANG_WARN_STRICT_PROTOTYPES = YES;
				CLANG_WARN_SUSPICIOUS_MOVE = YES;
				CLANG_WARN_UNGUARDED_AVAILABILITY = YES_AGGRESSIVE;
				CLANG_WARN_UNREACHABLE_CODE = YES;
				CLANG_WARN__DUPLICATE_METHOD_MATCH = YES;
				COPY_PHASE_STRIP = NO;
				DEBUG_INFORMATION_FORMAT = "dwarf-with-dsym";
				ENABLE_NS_ASSERTIONS = NO;
				ENABLE_STRICT_OBJC_MSGSEND = YES;
				GCC_C_LANGUAGE_STANDARD = gnu11;
				GCC_NO_COMMON_BLOCKS = YES;
				GCC_WARN_64_TO_32_BIT_CONVERSION = YES;
				GCC_WARN_ABOUT_RETURN_TYPE = YES_ERROR;
				GCC_WARN_UNDECLARED_SELECTOR = YES;
				GCC_WARN_UNINITIALIZED_AUTOS = YES_AGGRESSIVE;
				GCC_WARN_UNUSED_FUNCTION = YES;
				GCC_WARN_UNUSED_VARIABLE = YES;
				IPHONEOS_DEPLOYMENT_TARGET = 13.0;
				MTL_ENABLE_DEBUG_INFO = NO;
				MTL_FAST_MATH = YES;
				SDKROOT = iphoneos;
				SWIFT_COMPILATION_MODE = wholemodule;
				SWIFT_OPTIMIZATION_LEVEL = "-O";
				VALIDATE_PRODUCT = YES;
			};
			name = Release;
		};
		EE8A130E22DA5BF90019D4F6 /* Debug */ = {
			isa = XCBuildConfiguration;
			buildSettings = {
				ASSETCATALOG_COMPILER_APPICON_NAME = AppIcon;
				CODE_SIGN_STYLE = Automatic;
				DEVELOPMENT_ASSET_PATHS = "SwiftyToDo/Preview\\ Content";
				DEVELOPMENT_TEAM = S36US5P4XF;
				ENABLE_PREVIEWS = YES;
				INFOPLIST_FILE = SwiftyToDo/Info.plist;
				LD_RUNPATH_SEARCH_PATHS = (
					"$(inherited)",
					"@executable_path/Frameworks",
				);
				PRODUCT_BUNDLE_IDENTIFIER = com.pykes.SwiftyToDo;
				PRODUCT_NAME = "$(TARGET_NAME)";
				SWIFT_VERSION = 5.0;
				TARGETED_DEVICE_FAMILY = "1,2";
			};
			name = Debug;
		};
		EE8A130F22DA5BF90019D4F6 /* Release */ = {
			isa = XCBuildConfiguration;
			buildSettings = {
				ASSETCATALOG_COMPILER_APPICON_NAME = AppIcon;
				CODE_SIGN_STYLE = Automatic;
				DEVELOPMENT_ASSET_PATHS = "SwiftyToDo/Preview\\ Content";
				DEVELOPMENT_TEAM = S36US5P4XF;
				ENABLE_PREVIEWS = YES;
				INFOPLIST_FILE = SwiftyToDo/Info.plist;
				LD_RUNPATH_SEARCH_PATHS = (
					"$(inherited)",
					"@executable_path/Frameworks",
				);
				PRODUCT_BUNDLE_IDENTIFIER = com.pykes.SwiftyToDo;
				PRODUCT_NAME = "$(TARGET_NAME)";
				SWIFT_VERSION = 5.0;
				TARGETED_DEVICE_FAMILY = "1,2";
			};
			name = Release;
		};
/* End XCBuildConfiguration section */

/* Begin XCConfigurationList section */
		EE8A12F422DA5BF70019D4F6 /* Build configuration list for PBXProject "SwiftyToDo" */ = {
			isa = XCConfigurationList;
			buildConfigurations = (
				EE8A130B22DA5BF90019D4F6 /* Debug */,
				EE8A130C22DA5BF90019D4F6 /* Release */,
			);
			defaultConfigurationIsVisible = 0;
			defaultConfigurationName = Release;
		};
		EE8A130D22DA5BF90019D4F6 /* Build configuration list for PBXNativeTarget "SwiftyToDo" */ = {
			isa = XCConfigurationList;
			buildConfigurations = (
				EE8A130E22DA5BF90019D4F6 /* Debug */,
				EE8A130F22DA5BF90019D4F6 /* Release */,
			);
			defaultConfigurationIsVisible = 0;
			defaultConfigurationName = Release;
		};
/* End XCConfigurationList section */
	};
	rootObject = EE8A12F122DA5BF70019D4F6 /* Project object */;
}
